
Microsoft Visual Studio Solution File, Format Version 12.00
# Visual Studio Version 16
VisualStudioVersion = 16.0.30011.22
MinimumVisualStudioVersion = 10.0.40219.1
Project("{9A19103F-16F7-4668-BE54-9A1E7A4F7556}") = "OreolorReshka", "trenya\OreolorReshka.csproj", "{2C325034-B207-4BBD-8903-791FE90EAB68}"
EndProject
Global
	GlobalSection(SolutionConfigurationPlatforms) = preSolution
		Debug|Any CPU = Debug|Any CPU
		Release|Any CPU = Release|Any CPU
	EndGlobalSection
	GlobalSection(ProjectConfigurationPlatforms) = postSolution
		{2C325034-B207-4BBD-8903-791FE90EAB68}.Debug|Any CPU.ActiveCfg = Debug|Any CPU
		{2C325034-B207-4BBD-8903-791FE90EAB68}.Debug|Any CPU.Build.0 = Debug|Any CPU
		{2C325034-B207-4BBD-8903-791FE90EAB68}.Release|Any CPU.ActiveCfg = Release|Any CPU
		{2C325034-B207-4BBD-8903-791FE90EAB68}.Release|Any CPU.Build.0 = Release|Any CPU
	EndGlobalSection
	GlobalSection(SolutionProperties) = preSolution
		HideSolutionNode = FALSE
	EndGlobalSection
	GlobalSection(ExtensibilityGlobals) = postSolution
		SolutionGuid = {3565D0CF-EC90-4C1D-87C6-6E42C0F918AA}
	EndGlobalSection
EndGlobal
